
Microsoft Visual Studio Solution File, Format Version 12.00
# Visual Studio Version 17
VisualStudioVersion = 17.7.34003.232
MinimumVisualStudioVersion = 10.0.40219.1
Project("{FAE04EC0-301F-11D3-BF4B-00C04F79EFBC}") = "Lab.Practica3.EF.UI", "Lab.Practica3.EF.UI\Lab.Practica3.EF.UI.csproj", "{1DEE01F3-2E58-4ACD-896D-60C7A0ADEEA6}"
EndProject
Project("{FAE04EC0-301F-11D3-BF4B-00C04F79EFBC}") = "Lab.Practica3.EF.Logic", "Lab.Practica3.EF.Logic\Lab.Practica3.EF.Logic.csproj", "{D62B2E4A-25C8-44DE-9D58-62358BB83564}"
EndProject
Project("{FAE04EC0-301F-11D3-BF4B-00C04F79EFBC}") = "Lab.Practica3.EF.Data", "Lab.Practica3.EF.Data\Lab.Practica3.EF.Data.csproj", "{F55528CB-9900-4F58-8D06-7907C9E22270}"
EndProject
Project("{FAE04EC0-301F-11D3-BF4B-00C04F79EFBC}") = "Lab.Practica3.EF.Entities", "Lab.Practica3.EF.Entities\Lab.Practica3.EF.Entities.csproj", "{D6A026AD-B8D1-451B-97FC-00C0B3AE40E6}"
EndProject
Global
	GlobalSection(SolutionConfigurationPlatforms) = preSolution
		Debug|Any CPU = Debug|Any CPU
		Release|Any CPU = Release|Any CPU
	EndGlobalSection
	GlobalSection(ProjectConfigurationPlatforms) = postSolution
		{1DEE01F3-2E58-4ACD-896D-60C7A0ADEEA6}.Debug|Any CPU.ActiveCfg = Debug|Any CPU
		{1DEE01F3-2E58-4ACD-896D-60C7A0ADEEA6}.Debug|Any CPU.Build.0 = Debug|Any CPU
		{1DEE01F3-2E58-4ACD-896D-60C7A0ADEEA6}.Release|Any CPU.ActiveCfg = Release|Any CPU
		{1DEE01F3-2E58-4ACD-896D-60C7A0ADEEA6}.Release|Any CPU.Build.0 = Release|Any CPU
		{D62B2E4A-25C8-44DE-9D58-62358BB83564}.Debug|Any CPU.ActiveCfg = Debug|Any CPU
		{D62B2E4A-25C8-44DE-9D58-62358BB83564}.Debug|Any CPU.Build.0 = Debug|Any CPU
		{D62B2E4A-25C8-44DE-9D58-62358BB83564}.Release|Any CPU.ActiveCfg = Release|Any CPU
		{D62B2E4A-25C8-44DE-9D58-62358BB83564}.Release|Any CPU.Build.0 = Release|Any CPU
		{F55528CB-9900-4F58-8D06-7907C9E22270}.Debug|Any CPU.ActiveCfg = Debug|Any CPU
		{F55528CB-9900-4F58-8D06-7907C9E22270}.Debug|Any CPU.Build.0 = Debug|Any CPU
		{F55528CB-9900-4F58-8D06-7907C9E22270}.Release|Any CPU.ActiveCfg = Release|Any CPU
		{F55528CB-9900-4F58-8D06-7907C9E22270}.Release|Any CPU.Build.0 = Release|Any CPU
		{D6A026AD-B8D1-451B-97FC-00C0B3AE40E6}.Debug|Any CPU.ActiveCfg = Debug|Any CPU
		{D6A026AD-B8D1-451B-97FC-00C0B3AE40E6}.Debug|Any CPU.Build.0 = Debug|Any CPU
		{D6A026AD-B8D1-451B-97FC-00C0B3AE40E6}.Release|Any CPU.ActiveCfg = Release|Any CPU
		{D6A026AD-B8D1-451B-97FC-00C0B3AE40E6}.Release|Any CPU.Build.0 = Release|Any CPU
	EndGlobalSection
	GlobalSection(SolutionProperties) = preSolution
		HideSolutionNode = FALSE
	EndGlobalSection
	GlobalSection(ExtensibilityGlobals) = postSolution
		SolutionGuid = {E7A9B302-AE2F-45AB-9BC5-B53090CEA0CF}
	EndGlobalSection
EndGlobal
