
Microsoft Visual Studio Solution File, Format Version 12.00
# Visual Studio Version 17
VisualStudioVersion = 17.7.34003.232
MinimumVisualStudioVersion = 10.0.40219.1
Project("{FAE04EC0-301F-11D3-BF4B-00C04F79EFBC}") = "labNetPractica2", "labNetPractica2\labNetPractica2.csproj", "{4A98DA9D-0A0B-4392-B3BA-FD2AFA14EFA1}"
EndProject
Project("{FAE04EC0-301F-11D3-BF4B-00C04F79EFBC}") = "labNetPractica2Tests", "labNetPractica2Tests\labNetPractica2Tests.csproj", "{783E0773-3729-4B1E-A440-959719EC2406}"
EndProject
Global
	GlobalSection(SolutionConfigurationPlatforms) = preSolution
		Debug|Any CPU = Debug|Any CPU
		Release|Any CPU = Release|Any CPU
	EndGlobalSection
	GlobalSection(ProjectConfigurationPlatforms) = postSolution
		{4A98DA9D-0A0B-4392-B3BA-FD2AFA14EFA1}.Debug|Any CPU.ActiveCfg = Debug|Any CPU
		{4A98DA9D-0A0B-4392-B3BA-FD2AFA14EFA1}.Debug|Any CPU.Build.0 = Debug|Any CPU
		{4A98DA9D-0A0B-4392-B3BA-FD2AFA14EFA1}.Release|Any CPU.ActiveCfg = Release|Any CPU
		{4A98DA9D-0A0B-4392-B3BA-FD2AFA14EFA1}.Release|Any CPU.Build.0 = Release|Any CPU
		{783E0773-3729-4B1E-A440-959719EC2406}.Debug|Any CPU.ActiveCfg = Debug|Any CPU
		{783E0773-3729-4B1E-A440-959719EC2406}.Debug|Any CPU.Build.0 = Debug|Any CPU
		{783E0773-3729-4B1E-A440-959719EC2406}.Release|Any CPU.ActiveCfg = Release|Any CPU
		{783E0773-3729-4B1E-A440-959719EC2406}.Release|Any CPU.Build.0 = Release|Any CPU
	EndGlobalSection
	GlobalSection(SolutionProperties) = preSolution
		HideSolutionNode = FALSE
	EndGlobalSection
	GlobalSection(ExtensibilityGlobals) = postSolution
		SolutionGuid = {0801ECF3-8EFB-4C8D-8D2D-53A9EB4AA6B6}
	EndGlobalSection
EndGlobal
